<?xml version="1.0" encoding="utf-8"?>
<Project ToolsVersion="4.0" xmlns="http://schemas.microsoft.com/developer/msbuild/2003">
  <ItemGroup>
    <Filter Include="Source Files">
      <UniqueIdentifier>{4FC737F1-C7A5-4376-A066-2A32D752A2FF}</UniqueIdentifier>
      <Extensions>cpp;c;cc;cxx;def;odl;idl;hpj;bat;asm;asmx</Extensions>
    </Filter>
    <Filter Include="Header Files">
      <UniqueIdentifier>{93995380-89BD-4b04-88EB-625FBE52EBFB}</UniqueIdentifier>
      <Extensions>h;hpp;hxx;hm;inl;inc;xsd</Extensions>
    </Filter>
    <Filter Include="Source Files\cells">
      <UniqueIdentifier>{fa82b19a-9bea-4137-a8fc-e2cabe44eb35}</UniqueIdentifier>
    </Filter>
    <Filter Include="Source Files\optimizations">
      <UniqueIdentifier>{bcd476b6-35a5-4b21-a39f-c536fec11081}</UniqueIdentifier>
    </Filter>
    <Filter Include="Source Files\operations">
      <UniqueIdentifier>{e4e8807a-1547-416e-b24b-3411e44100f0}</UniqueIdentifier>
    </Filter>
    <Filter Include="Source Files\support">
      <UniqueIdentifier>{e5f8b3a6-7c5b-421b-b29a-f1d576549add}</UniqueIdentifier>
    </Filter>
    <Filter Include="Source Files\cells\values">
      <UniqueIdentifier>{3c3022af-a1d7-4812-b13e-d9233def4110}</UniqueIdentifier>
    </Filter>
    <Filter Include="Source Files\cells\compound">
      <UniqueIdentifier>{9bb637ef-9dca-4c2a-8ff9-4f7380a3da17}</UniqueIdentifier>
    </Filter>
    <Filter Include="Source Files\cells\vars">
      <UniqueIdentifier>{779fffef-00f5-4da1-9539-2672c4074829}</UniqueIdentifier>
    </Filter>
  </ItemGroup>
  <ItemGroup>
    <ClCompile Include="emit.c">
      <Filter>Source Files</Filter>
    </ClCompile>
    <ClCompile Include="instr.c">
      <Filter>Source Files</Filter>
    </ClCompile>
    <ClCompile Include="lexer.c">
      <Filter>Source Files</Filter>
    </ClCompile>
    <ClCompile Include="main.c">
      <Filter>Source Files</Filter>
    </ClCompile>
    <ClCompile Include="optimize.c">
      <Filter>Source Files</Filter>
    </ClCompile>
    <ClCompile Include="parser.c">
      <Filter>Source Files</Filter>
    </ClCompile>
    <ClCompile Include="variables.c">
      <Filter>Source Files</Filter>
    </ClCompile>
    <ClCompile Include="type.c">
      <Filter>Source Files</Filter>
    </ClCompile>
    <ClCompile Include="errors.c">
      <Filter>Source Files</Filter>
    </ClCompile>
    <ClCompile Include="translate.c">
      <Filter>Source Files</Filter>
    </ClCompile>
    <ClCompile Include="gen.c">
      <Filter>Source Files</Filter>
    </ClCompile>
    <ClCompile Include="parse_type.c">
      <Filter>Source Files</Filter>
    </ClCompile>
    <ClCompile Include="opt_blocks.c">
      <Filter>Source Files\optimizations</Filter>
    </ClCompile>
    <ClCompile Include="opt_var_use.c">
      <Filter>Source Files\optimizations</Filter>
    </ClCompile>
    <ClCompile Include="opt_global.c">
      <Filter>Source Files\optimizations</Filter>
    </ClCompile>
    <ClCompile Include="opt_live.c">
      <Filter>Source Files\optimizations</Filter>
    </ClCompile>
    <ClCompile Include="opt_live2.c">
      <Filter>Source Files\optimizations</Filter>
    </ClCompile>
    <ClCompile Include="opt_loop_shift.c">
      <Filter>Source Files\optimizations</Filter>
    </ClCompile>
    <ClCompile Include="opt_loops.c">
      <Filter>Source Files\optimizations</Filter>
    </ClCompile>
    <ClCompile Include="opt_values.c">
      <Filter>Source Files\optimizations</Filter>
    </ClCompile>
    <ClCompile Include="translate_type.c">
      <Filter>Source Files</Filter>
    </ClCompile>
    <ClCompile Include="infer_types.c">
      <Filter>Source Files</Filter>
    </ClCompile>
    <ClCompile Include="bigint.c">
      <Filter>Source Files\support</Filter>
    </ClCompile>
    <ClCompile Include="mem_heap.c">
      <Filter>Source Files\support</Filter>
    </ClCompile>
    <ClCompile Include="var_set.c">
      <Filter>Source Files\support</Filter>
    </ClCompile>
    <ClCompile Include="operations\arith.c">
      <Filter>Source Files\operations</Filter>
    </ClCompile>
    <ClCompile Include="operations\compare.c">
      <Filter>Source Files\operations</Filter>
    </ClCompile>
    <ClCompile Include="operations\properties.c">
      <Filter>Source Files\operations</Filter>
    </ClCompile>
    <ClCompile Include="operations\set.c">
      <Filter>Source Files\operations</Filter>
    </ClCompile>
    <ClCompile Include="..\common\common.c">
      <Filter>Source Files\support</Filter>
    </ClCompile>
    <ClCompile Include="operations\bool.c">
      <Filter>Source Files\operations</Filter>
    </ClCompile>
    <ClCompile Include="simmilar_names.c">
      <Filter>Source Files</Filter>
    </ClCompile>
    <ClCompile Include="interpret.c">
      <Filter>Source Files</Filter>
    </ClCompile>
    <ClCompile Include="cell\cell_array_type.c">
      <Filter>Source Files\cells</Filter>
    </ClCompile>
    <ClCompile Include="cell\cell_fn_type.c">
      <Filter>Source Files\cells</Filter>
    </ClCompile>
    <ClCompile Include="cell\cell_item.c">
      <Filter>Source Files\cells</Filter>
    </ClCompile>
    <ClCompile Include="cell\cell_memory.c">
      <Filter>Source Files\cells</Filter>
    </ClCompile>
    <ClCompile Include="cell\cell_module.c">
      <Filter>Source Files\cells</Filter>
    </ClCompile>
    <ClCompile Include="cell\cell_op.c">
      <Filter>Source Files\cells</Filter>
    </ClCompile>
    <ClCompile Include="cell\cell_src_file.c">
      <Filter>Source Files\cells</Filter>
    </ClCompile>
    <ClCompile Include="cell\cell_type.c">
      <Filter>Source Files\cells</Filter>
    </ClCompile>
    <ClCompile Include="cell\cell_int.c">
      <Filter>Source Files\cells\values</Filter>
    </ClCompile>
    <ClCompile Include="cell\cell_text.c">
      <Filter>Source Files\cells\values</Filter>
    </ClCompile>
    <ClCompile Include="cell\cell_sequence.c">
      <Filter>Source Files\cells\values</Filter>
    </ClCompile>
    <ClCompile Include="cell\cell_tuple.c">
      <Filter>Source Files\cells\compound</Filter>
    </ClCompile>
    <ClCompile Include="cell\cell_range.c">
      <Filter>Source Files\cells\values</Filter>
    </ClCompile>
    <ClCompile Include="cell\cell_fn.c">
      <Filter>Source Files\cells\values</Filter>
    </ClCompile>
    <ClCompile Include="cell\cell_var.c">
      <Filter>Source Files\cells\vars</Filter>
    </ClCompile>
    <ClCompile Include="cell\cell_array.c">
      <Filter>Source Files\cells\vars</Filter>
    </ClCompile>
    <ClCompile Include="print.c">
      <Filter>Source Files</Filter>
    </ClCompile>
    <ClCompile Include="cell\cell_code.c">
      <Filter>Source Files\cells\values</Filter>
    </ClCompile>
    <ClCompile Include="cell\cell_symbol.c">
      <Filter>Source Files\cells\values</Filter>
    </ClCompile>
    <ClCompile Include="cell\cell_if.c">
      <Filter>Source Files\cells</Filter>
    </ClCompile>
    <ClCompile Include="cell\cell_let.c">
      <Filter>Source Files\cells</Filter>
    </ClCompile>
    <ClCompile Include="cell\cell_match.c">
      <Filter>Source Files\cells</Filter>
    </ClCompile>
  </ItemGroup>
  <ItemGroup>
    <ClInclude Include="language.h">
      <Filter>Header Files</Filter>
    </ClInclude>
    <ClInclude Include="bigint.h">
      <Filter>Source Files\support</Filter>
    </ClInclude>
    <ClInclude Include="operations\arith.h">
      <Filter>Source Files\operations</Filter>
    </ClInclude>
    <ClInclude Include="operations\set.h">
      <Filter>Source Files\operations</Filter>
    </ClInclude>
    <ClInclude Include="operations\compare.h">
      <Filter>Source Files\operations</Filter>
    </ClInclude>
    <ClInclude Include="operations\properties.h">
      <Filter>Source Files\operations</Filter>
    </ClInclude>
    <ClInclude Include="operations\bool.h">
      <Filter>Source Files\operations</Filter>
    </ClInclude>
    <ClInclude Include="errors.h">
      <Filter>Header Files</Filter>
    </ClInclude>
    <ClInclude Include="lexer.h">
      <Filter>Header Files</Filter>
    </ClInclude>
    <ClInclude Include="cell\cell_array_type.h">
      <Filter>Source Files\cells</Filter>
    </ClInclude>
    <ClInclude Include="cell\cell_fn_type.h">
      <Filter>Source Files\cells</Filter>
    </ClInclude>
    <ClInclude Include="cell\cell_item.h">
      <Filter>Source Files\cells</Filter>
    </ClInclude>
    <ClInclude Include="cell\cell_memory.h">
      <Filter>Source Files\cells</Filter>
    </ClInclude>
    <ClInclude Include="cell\cell_src_file.h">
      <Filter>Source Files\cells</Filter>
    </ClInclude>
    <ClInclude Include="cell\cell_int.h">
      <Filter>Source Files\cells\values</Filter>
    </ClInclude>
    <ClInclude Include="cell\cell_sequence.h">
      <Filter>Source Files\cells\values</Filter>
    </ClInclude>
    <ClInclude Include="cell\cell_tuple.h">
      <Filter>Source Files\cells\compound</Filter>
    </ClInclude>
    <ClInclude Include="cell\cell_range.h">
      <Filter>Source Files\cells\values</Filter>
    </ClInclude>
    <ClInclude Include="cell\cell_fn.h">
      <Filter>Source Files\cells\values</Filter>
    </ClInclude>
    <ClInclude Include="cell\cell_var.h">
      <Filter>Source Files\cells\vars</Filter>
    </ClInclude>
    <ClInclude Include="cell\cell_text.h">
      <Filter>Source Files\cells\values</Filter>
    </ClInclude>
    <ClInclude Include="cell\cell_code.h">
      <Filter>Source Files\cells\values</Filter>
    </ClInclude>
    <ClInclude Include="cell\cell_val.h">
      <Filter>Source Files\cells</Filter>
    </ClInclude>
    <ClInclude Include="cell\cell_symbol.h">
      <Filter>Source Files\cells\values</Filter>
    </ClInclude>
    <ClInclude Include="cell\cell_if.h">
      <Filter>Source Files\cells</Filter>
    </ClInclude>
    <ClInclude Include="cell\cell_let.h">
      <Filter>Source Files\cells</Filter>
    </ClInclude>
    <ClInclude Include="cell\cell_match.h">
      <Filter>Source Files\cells</Filter>
    </ClInclude>
  </ItemGroup>
</Project>